
Microsoft Visual Studio Solution File, Format Version 12.00
# Visual Studio Version 17
VisualStudioVersion = 17.1.32210.238
MinimumVisualStudioVersion = 10.0.40219.1
Project("{8BC9CEB8-8B4A-11D0-8D11-00A0C91BC942}") = "gwc++", "gwc++\gwc++.vcxproj", "{F1597096-974A-4E82-8AE8-76E94DF5221F}"
EndProject
Project("{8BC9CEB8-8B4A-11D0-8D11-00A0C91BC942}") = "cpp", "templates\cpp\cpp.vcxproj", "{F3BB3B8D-5599-4C08-9044-5E8B267190CB}"
EndProject
Project("{FAE04EC0-301F-11D3-BF4B-00C04F79EFBC}") = "csharp", "templates\csharp\csharp.csproj", "{A1AE6C01-003C-4AB3-A900-87F62291D48B}"
EndProject
Project("{F184B08F-C81C-45F6-A57F-5ABD9991F28F}") = "vbnet", "templates\vbnet\vbnet.vbproj", "{D00002BA-0DD0-4782-A5B4-597962AB8E9C}"
EndProject
Global
	GlobalSection(SolutionConfigurationPlatforms) = preSolution
		Cil|Any CPU = Cil|Any CPU
		Cil|x64 = Cil|x64
		Cil|x86 = Cil|x86
		Debug|Any CPU = Debug|Any CPU
		Debug|x64 = Debug|x64
		Debug|x86 = Debug|x86
		Release|Any CPU = Release|Any CPU
		Release|x64 = Release|x64
		Release|x86 = Release|x86
	EndGlobalSection
	GlobalSection(ProjectConfigurationPlatforms) = postSolution
		{F1597096-974A-4E82-8AE8-76E94DF5221F}.Cil|Any CPU.ActiveCfg = Cil|x64
		{F1597096-974A-4E82-8AE8-76E94DF5221F}.Cil|Any CPU.Build.0 = Cil|x64
		{F1597096-974A-4E82-8AE8-76E94DF5221F}.Cil|x64.ActiveCfg = Cil|x64
		{F1597096-974A-4E82-8AE8-76E94DF5221F}.Cil|x64.Build.0 = Cil|x64
		{F1597096-974A-4E82-8AE8-76E94DF5221F}.Cil|x86.ActiveCfg = Cil|Win32
		{F1597096-974A-4E82-8AE8-76E94DF5221F}.Cil|x86.Build.0 = Cil|Win32
		{F1597096-974A-4E82-8AE8-76E94DF5221F}.Debug|Any CPU.ActiveCfg = Debug|x64
		{F1597096-974A-4E82-8AE8-76E94DF5221F}.Debug|Any CPU.Build.0 = Debug|x64
		{F1597096-974A-4E82-8AE8-76E94DF5221F}.Debug|x64.ActiveCfg = Debug|x64
		{F1597096-974A-4E82-8AE8-76E94DF5221F}.Debug|x64.Build.0 = Debug|x64
		{F1597096-974A-4E82-8AE8-76E94DF5221F}.Debug|x86.ActiveCfg = Debug|Win32
		{F1597096-974A-4E82-8AE8-76E94DF5221F}.Debug|x86.Build.0 = Debug|Win32
		{F1597096-974A-4E82-8AE8-76E94DF5221F}.Release|Any CPU.ActiveCfg = Release|x64
		{F1597096-974A-4E82-8AE8-76E94DF5221F}.Release|Any CPU.Build.0 = Release|x64
		{F1597096-974A-4E82-8AE8-76E94DF5221F}.Release|x64.ActiveCfg = Release|x64
		{F1597096-974A-4E82-8AE8-76E94DF5221F}.Release|x64.Build.0 = Release|x64
		{F1597096-974A-4E82-8AE8-76E94DF5221F}.Release|x86.ActiveCfg = Release|Win32
		{F1597096-974A-4E82-8AE8-76E94DF5221F}.Release|x86.Build.0 = Release|Win32
		{F3BB3B8D-5599-4C08-9044-5E8B267190CB}.Cil|Any CPU.ActiveCfg = Release|Win32
		{F3BB3B8D-5599-4C08-9044-5E8B267190CB}.Cil|Any CPU.Build.0 = Release|Win32
		{F3BB3B8D-5599-4C08-9044-5E8B267190CB}.Cil|x64.ActiveCfg = Debug|x64
		{F3BB3B8D-5599-4C08-9044-5E8B267190CB}.Cil|x64.Build.0 = Debug|x64
		{F3BB3B8D-5599-4C08-9044-5E8B267190CB}.Cil|x86.ActiveCfg = Debug|Win32
		{F3BB3B8D-5599-4C08-9044-5E8B267190CB}.Cil|x86.Build.0 = Debug|Win32
		{F3BB3B8D-5599-4C08-9044-5E8B267190CB}.Debug|Any CPU.ActiveCfg = Debug|x64
		{F3BB3B8D-5599-4C08-9044-5E8B267190CB}.Debug|Any CPU.Build.0 = Debug|x64
		{F3BB3B8D-5599-4C08-9044-5E8B267190CB}.Debug|x64.ActiveCfg = Debug|x64
		{F3BB3B8D-5599-4C08-9044-5E8B267190CB}.Debug|x64.Build.0 = Debug|x64
		{F3BB3B8D-5599-4C08-9044-5E8B267190CB}.Debug|x86.ActiveCfg = Debug|Win32
		{F3BB3B8D-5599-4C08-9044-5E8B267190CB}.Debug|x86.Build.0 = Debug|Win32
		{F3BB3B8D-5599-4C08-9044-5E8B267190CB}.Release|Any CPU.ActiveCfg = Release|x64
		{F3BB3B8D-5599-4C08-9044-5E8B267190CB}.Release|Any CPU.Build.0 = Release|x64
		{F3BB3B8D-5599-4C08-9044-5E8B267190CB}.Release|x64.ActiveCfg = Release|x64
		{F3BB3B8D-5599-4C08-9044-5E8B267190CB}.Release|x64.Build.0 = Release|x64
		{F3BB3B8D-5599-4C08-9044-5E8B267190CB}.Release|x86.ActiveCfg = Release|Win32
		{F3BB3B8D-5599-4C08-9044-5E8B267190CB}.Release|x86.Build.0 = Release|Win32
		{A1AE6C01-003C-4AB3-A900-87F62291D48B}.Cil|Any CPU.ActiveCfg = Debug|Any CPU
		{A1AE6C01-003C-4AB3-A900-87F62291D48B}.Cil|Any CPU.Build.0 = Debug|Any CPU
		{A1AE6C01-003C-4AB3-A900-87F62291D48B}.Cil|x64.ActiveCfg = Debug|Any CPU
		{A1AE6C01-003C-4AB3-A900-87F62291D48B}.Cil|x64.Build.0 = Debug|Any CPU
		{A1AE6C01-003C-4AB3-A900-87F62291D48B}.Cil|x86.ActiveCfg = Debug|Any CPU
		{A1AE6C01-003C-4AB3-A900-87F62291D48B}.Cil|x86.Build.0 = Debug|Any CPU
		{A1AE6C01-003C-4AB3-A900-87F62291D48B}.Debug|Any CPU.ActiveCfg = Debug|Any CPU
		{A1AE6C01-003C-4AB3-A900-87F62291D48B}.Debug|Any CPU.Build.0 = Debug|Any CPU
		{A1AE6C01-003C-4AB3-A900-87F62291D48B}.Debug|x64.ActiveCfg = Debug|Any CPU
		{A1AE6C01-003C-4AB3-A900-87F62291D48B}.Debug|x64.Build.0 = Debug|Any CPU
		{A1AE6C01-003C-4AB3-A900-87F62291D48B}.Debug|x86.ActiveCfg = Debug|Any CPU
		{A1AE6C01-003C-4AB3-A900-87F62291D48B}.Debug|x86.Build.0 = Debug|Any CPU
		{A1AE6C01-003C-4AB3-A900-87F62291D48B}.Release|Any CPU.ActiveCfg = Release|Any CPU
		{A1AE6C01-003C-4AB3-A900-87F62291D48B}.Release|Any CPU.Build.0 = Release|Any CPU
		{A1AE6C01-003C-4AB3-A900-87F62291D48B}.Release|x64.ActiveCfg = Release|Any CPU
		{A1AE6C01-003C-4AB3-A900-87F62291D48B}.Release|x64.Build.0 = Release|Any CPU
		{A1AE6C01-003C-4AB3-A900-87F62291D48B}.Release|x86.ActiveCfg = Release|Any CPU
		{A1AE6C01-003C-4AB3-A900-87F62291D48B}.Release|x86.Build.0 = Release|Any CPU
		{D00002BA-0DD0-4782-A5B4-597962AB8E9C}.Cil|Any CPU.ActiveCfg = Debug|Any CPU
		{D00002BA-0DD0-4782-A5B4-597962AB8E9C}.Cil|Any CPU.Build.0 = Debug|Any CPU
		{D00002BA-0DD0-4782-A5B4-597962AB8E9C}.Cil|x64.ActiveCfg = Debug|Any CPU
		{D00002BA-0DD0-4782-A5B4-597962AB8E9C}.Cil|x64.Build.0 = Debug|Any CPU
		{D00002BA-0DD0-4782-A5B4-597962AB8E9C}.Cil|x86.ActiveCfg = Debug|Any CPU
		{D00002BA-0DD0-4782-A5B4-597962AB8E9C}.Cil|x86.Build.0 = Debug|Any CPU
		{D00002BA-0DD0-4782-A5B4-597962AB8E9C}.Debug|Any CPU.ActiveCfg = Debug|Any CPU
		{D00002BA-0DD0-4782-A5B4-597962AB8E9C}.Debug|Any CPU.Build.0 = Debug|Any CPU
		{D00002BA-0DD0-4782-A5B4-597962AB8E9C}.Debug|x64.ActiveCfg = Debug|Any CPU
		{D00002BA-0DD0-4782-A5B4-597962AB8E9C}.Debug|x64.Build.0 = Debug|Any CPU
		{D00002BA-0DD0-4782-A5B4-597962AB8E9C}.Debug|x86.ActiveCfg = Debug|Any CPU
		{D00002BA-0DD0-4782-A5B4-597962AB8E9C}.Debug|x86.Build.0 = Debug|Any CPU
		{D00002BA-0DD0-4782-A5B4-597962AB8E9C}.Release|Any CPU.ActiveCfg = Release|Any CPU
		{D00002BA-0DD0-4782-A5B4-597962AB8E9C}.Release|Any CPU.Build.0 = Release|Any CPU
		{D00002BA-0DD0-4782-A5B4-597962AB8E9C}.Release|x64.ActiveCfg = Release|Any CPU
		{D00002BA-0DD0-4782-A5B4-597962AB8E9C}.Release|x64.Build.0 = Release|Any CPU
		{D00002BA-0DD0-4782-A5B4-597962AB8E9C}.Release|x86.ActiveCfg = Release|Any CPU
		{D00002BA-0DD0-4782-A5B4-597962AB8E9C}.Release|x86.Build.0 = Release|Any CPU
	EndGlobalSection
	GlobalSection(SolutionProperties) = preSolution
		HideSolutionNode = FALSE
	EndGlobalSection
	GlobalSection(ExtensibilityGlobals) = postSolution
		SolutionGuid = {1B9742B4-4A45-4DFC-9E21-B67A56CBAE0E}
	EndGlobalSection
EndGlobal
