<?xml version="1.0" encoding="utf-8"?>
<Project ToolsVersion="4.0" xmlns="http://schemas.microsoft.com/developer/msbuild/2003">
  <ItemGroup>
    <Filter Include="File di origine">
      <UniqueIdentifier>{4FC737F1-C7A5-4376-A066-2A32D752A2FF}</UniqueIdentifier>
      <Extensions>cpp;c;cc;cxx;c++;cppm;ixx;def;odl;idl;hpj;bat;asm;asmx</Extensions>
    </Filter>
    <Filter Include="File di intestazione">
      <UniqueIdentifier>{93995380-89BD-4b04-88EB-625FBE52EBFB}</UniqueIdentifier>
      <Extensions>h;hh;hpp;hxx;h++;hm;inl;inc;ipp;xsd</Extensions>
    </Filter>
    <Filter Include="File di risorse">
      <UniqueIdentifier>{67DA6AB6-F800-4c08-8B7A-83BB121AAD01}</UniqueIdentifier>
      <Extensions>rc;ico;cur;bmp;dlg;rc2;rct;bin;rgs;gif;jpg;jpeg;jpe;resx;tiff;tif;png;wav;mfcribbon-ms</Extensions>
    </Filter>
    <Filter Include="File di intestazione\core">
      <UniqueIdentifier>{7f4f49d4-f845-4a1a-8f59-aeb1bf9173af}</UniqueIdentifier>
      <Extensions>
      </Extensions>
    </Filter>
    <Filter Include="File di intestazione\unmanaged">
      <UniqueIdentifier>{dbcedaa4-f621-4829-bddf-14b03d164e12}</UniqueIdentifier>
    </Filter>
    <Filter Include="File di intestazione\managed">
      <UniqueIdentifier>{171fd451-659a-40a3-878b-a6f4aba9e0a4}</UniqueIdentifier>
    </Filter>
    <Filter Include="File di origine\test">
      <UniqueIdentifier>{abbcb3dc-7f08-41bf-a88f-553f8dbc840f}</UniqueIdentifier>
    </Filter>
    <Filter Include="File di origine\unmanaged">
      <UniqueIdentifier>{e830fa7d-d49c-4d3c-8b82-7aefbc2293a6}</UniqueIdentifier>
    </Filter>
  </ItemGroup>
  <ItemGroup>
    <ResourceCompile Include="app.rc">
      <Filter>File di risorse</Filter>
    </ResourceCompile>
  </ItemGroup>
  <ItemGroup>
    <ClInclude Include="Resource.h">
      <Filter>File di intestazione</Filter>
    </ClInclude>
    <ClInclude Include="pch.h">
      <Filter>File di intestazione</Filter>
    </ClInclude>
    <ClInclude Include="hgwc++.h">
      <Filter>File di intestazione</Filter>
    </ClInclude>
    <ClInclude Include="gwc++.h">
      <Filter>File di intestazione\core</Filter>
    </ClInclude>
    <ClInclude Include="ucomp.h">
      <Filter>File di intestazione\unmanaged</Filter>
    </ClInclude>
    <ClInclude Include="ugwc++.h">
      <Filter>File di intestazione\unmanaged</Filter>
    </ClInclude>
    <ClInclude Include="mgwc++.h">
      <Filter>File di intestazione\managed</Filter>
    </ClInclude>
    <ClInclude Include="mcomp.h">
      <Filter>File di intestazione\core</Filter>
    </ClInclude>
  </ItemGroup>
  <ItemGroup>
    <ClCompile Include="pch.cpp">
      <Filter>File di origine</Filter>
    </ClCompile>
    <ClCompile Include="AssemblyInfo.cpp">
      <Filter>File di origine</Filter>
    </ClCompile>
    <ClCompile Include="mmain.cpp">
      <Filter>File di origine\test</Filter>
    </ClCompile>
    <ClCompile Include="umain.cpp">
      <Filter>File di origine\test</Filter>
    </ClCompile>
    <ClCompile Include="ugwc++.cpp">
      <Filter>File di origine\unmanaged</Filter>
    </ClCompile>
  </ItemGroup>
  <ItemGroup>
    <EmbeddedResource Include="gwc++.resx">
      <Filter>File di risorse</Filter>
    </EmbeddedResource>
  </ItemGroup>
  <ItemGroup>
    <Image Include="..\assets\gwc++.ico">
      <Filter>File di risorse</Filter>
    </Image>
    <Image Include="..\assets\gwc++128.ico">
      <Filter>File di risorse</Filter>
    </Image>
    <Image Include="..\assets\mario.ico">
      <Filter>File di risorse</Filter>
    </Image>
  </ItemGroup>
</Project>